<?xml version="1.0" encoding="utf-8"?>
<Project ToolsVersion="4.0" xmlns="http://schemas.microsoft.com/developer/msbuild/2003">
  <ItemGroup>
    <Filter Include="Sphynx">
      <UniqueIdentifier>{2F02A1D1-1BA4-CBA7-045F-DFFBF09F52F8}</UniqueIdentifier>
    </Filter>
    <Filter Include="Sphynx\Core">
      <UniqueIdentifier>{E7DBAD19-5391-260F-DC85-20E6483A1D13}</UniqueIdentifier>
    </Filter>
    <Filter Include="Sphynx\Core\Window">
      <UniqueIdentifier>{EE9E1C4A-DA82-DD9F-43E3-D7F22FE6C721}</UniqueIdentifier>
    </Filter>
    <Filter Include="Sphynx\Core\Window\Platform">
      <UniqueIdentifier>{0287AF4C-6E94-DD32-F77A-D91D6387A9E9}</UniqueIdentifier>
    </Filter>
    <Filter Include="Sphynx\Events">
      <UniqueIdentifier>{3383B641-9F43-3278-687E-7BF5D4FD7654}</UniqueIdentifier>
    </Filter>
    <Filter Include="Sphynx\imgui">
      <UniqueIdentifier>{D9B61752-C519-A7F6-6E9F-DFAC5AE17279}</UniqueIdentifier>
    </Filter>
  </ItemGroup>
  <ItemGroup>
    <ClInclude Include="src\Sphynx.h" />
    <ClInclude Include="src\Sphynx\Application.h">
      <Filter>Sphynx</Filter>
    </ClInclude>
    <ClInclude Include="src\Sphynx\Core.h">
      <Filter>Sphynx</Filter>
    </ClInclude>
    <ClInclude Include="src\Sphynx\Core\Imgui.h">
      <Filter>Sphynx\Core</Filter>
    </ClInclude>
    <ClInclude Include="src\Sphynx\Core\Module.h">
      <Filter>Sphynx\Core</Filter>
    </ClInclude>
    <ClInclude Include="src\Sphynx\Core\System.h">
      <Filter>Sphynx\Core</Filter>
    </ClInclude>
    <ClInclude Include="src\Sphynx\Core\Window\Platform\GLWindow.h">
      <Filter>Sphynx\Core\Window\Platform</Filter>
    </ClInclude>
    <ClInclude Include="src\Sphynx\Core\Window\Window.h">
      <Filter>Sphynx\Core\Window</Filter>
    </ClInclude>
    <ClInclude Include="src\Sphynx\EntryPoint.h">
      <Filter>Sphynx</Filter>
    </ClInclude>
    <ClInclude Include="src\Sphynx\Events\ApplicationEvents.h">
      <Filter>Sphynx\Events</Filter>
    </ClInclude>
    <ClInclude Include="src\Sphynx\Events\Event.h">
      <Filter>Sphynx\Events</Filter>
    </ClInclude>
    <ClInclude Include="src\Sphynx\Events\KeyBoardEvents.h">
      <Filter>Sphynx\Events</Filter>
    </ClInclude>
    <ClInclude Include="src\Sphynx\Events\WindowEvents.h">
      <Filter>Sphynx\Events</Filter>
    </ClInclude>
    <ClInclude Include="src\Sphynx\Input.h">
      <Filter>Sphynx</Filter>
    </ClInclude>
    <ClInclude Include="src\Sphynx\KeyCode.h">
      <Filter>Sphynx</Filter>
    </ClInclude>
    <ClInclude Include="src\Sphynx\Logger.h">
      <Filter>Sphynx</Filter>
    </ClInclude>
    <ClInclude Include="src\Sphynx\PlatformMacros.h">
      <Filter>Sphynx</Filter>
    </ClInclude>
    <ClInclude Include="src\Sphynx\SpTime.h">
      <Filter>Sphynx</Filter>
    </ClInclude>
    <ClInclude Include="src\Sphynx\imgui\imgui_impl_dx11.h">
      <Filter>Sphynx\imgui</Filter>
    </ClInclude>
    <ClInclude Include="src\Sphynx\imgui\imgui_impl_dx12.h">
      <Filter>Sphynx\imgui</Filter>
    </ClInclude>
    <ClInclude Include="src\Sphynx\imgui\imgui_impl_glfw.h">
      <Filter>Sphynx\imgui</Filter>
    </ClInclude>
    <ClInclude Include="src\Sphynx\imgui\imgui_impl_opengl3.h">
      <Filter>Sphynx\imgui</Filter>
    </ClInclude>
    <ClInclude Include="src\Sphynx\imgui\imgui_impl_win32.h">
      <Filter>Sphynx\imgui</Filter>
    </ClInclude>
    <ClInclude Include="src\Sphynx\pch.h">
      <Filter>Sphynx</Filter>
    </ClInclude>
    <ClInclude Include="src\Sphynx\Core\ImguiInclude.h" />
  </ItemGroup>
  <ItemGroup>
    <ClCompile Include="src\Sphynx\Application.cpp">
      <Filter>Sphynx</Filter>
    </ClCompile>
    <ClCompile Include="src\Sphynx\Core\Imgui.cpp">
      <Filter>Sphynx\Core</Filter>
    </ClCompile>
    <ClCompile Include="src\Sphynx\Core\Module.cpp">
      <Filter>Sphynx\Core</Filter>
    </ClCompile>
    <ClCompile Include="src\Sphynx\Core\System.cpp">
      <Filter>Sphynx\Core</Filter>
    </ClCompile>
    <ClCompile Include="src\Sphynx\Core\Window\Platform\GLWindow.cpp">
      <Filter>Sphynx\Core\Window\Platform</Filter>
    </ClCompile>
    <ClCompile Include="src\Sphynx\Core\Window\Window.cpp">
      <Filter>Sphynx\Core\Window</Filter>
    </ClCompile>
    <ClCompile Include="src\Sphynx\Events\ApplicationEvents.cpp">
      <Filter>Sphynx\Events</Filter>
    </ClCompile>
    <ClCompile Include="src\Sphynx\Events\KeyBoardEvents.cpp">
      <Filter>Sphynx\Events</Filter>
    </ClCompile>
    <ClCompile Include="src\Sphynx\Input.cpp">
      <Filter>Sphynx</Filter>
    </ClCompile>
    <ClCompile Include="src\Sphynx\Logger.cpp">
      <Filter>Sphynx</Filter>
    </ClCompile>
    <ClCompile Include="src\Sphynx\SpTime.cpp">
      <Filter>Sphynx</Filter>
    </ClCompile>
    <ClCompile Include="src\Sphynx\imgui\imgui_impl_dx11.cpp">
      <Filter>Sphynx\imgui</Filter>
    </ClCompile>
    <ClCompile Include="src\Sphynx\imgui\imgui_impl_dx12.cpp">
      <Filter>Sphynx\imgui</Filter>
    </ClCompile>
    <ClCompile Include="src\Sphynx\imgui\imgui_impl_glfw.cpp">
      <Filter>Sphynx\imgui</Filter>
    </ClCompile>
    <ClCompile Include="src\Sphynx\imgui\imgui_impl_opengl3.cpp">
      <Filter>Sphynx\imgui</Filter>
    </ClCompile>
    <ClCompile Include="src\Sphynx\imgui\imgui_impl_win32.cpp">
      <Filter>Sphynx\imgui</Filter>
    </ClCompile>
    <ClCompile Include="src\Sphynx\pch.cpp">
      <Filter>Sphynx</Filter>
    </ClCompile>
  </ItemGroup>
</Project>