<?xml version="1.0" encoding="utf-8"?>
<Project ToolsVersion="4.0" xmlns="http://schemas.microsoft.com/developer/msbuild/2003">
  <ItemGroup>
    <Filter Include="Sphynx">
      <UniqueIdentifier>{2F02A1D1-1BA4-CBA7-045F-DFFBF09F52F8}</UniqueIdentifier>
    </Filter>
  </ItemGroup>
  <ItemGroup>
    <ClInclude Include="src\Sphynx.h" />
    <ClInclude Include="src\Sphynx\Application.h">
      <Filter>Sphynx</Filter>
    </ClInclude>
    <ClInclude Include="src\Sphynx\Core.h">
      <Filter>Sphynx</Filter>
    </ClInclude>
    <ClInclude Include="src\Sphynx\EntryPoint.h">
      <Filter>Sphynx</Filter>
    </ClInclude>
    <ClInclude Include="src\Sphynx\Logger.h">
      <Filter>Sphynx</Filter>
    </ClInclude>
  </ItemGroup>
  <ItemGroup>
    <ClCompile Include="src\Sphynx\Application.cpp">
      <Filter>Sphynx</Filter>
    </ClCompile>
    <ClCompile Include="src\Sphynx\Logger.cpp">
      <Filter>Sphynx</Filter>
    </ClCompile>
  </ItemGroup>
</Project>